
Microsoft Visual Studio Solution File, Format Version 12.00
Project("{FAE04EC0-301F-11D3-BF4B-00C04F79EFBC}") = "DanceFloor.Api", "DanceFloor.Api\DanceFloor.Api.csproj", "{9BFCB726-E1AD-4D84-93EA-E372418F536B}"
EndProject
Global
	GlobalSection(SolutionConfigurationPlatforms) = preSolution
		Debug|Any CPU = Debug|Any CPU
		Release|Any CPU = Release|Any CPU
	EndGlobalSection
	GlobalSection(ProjectConfigurationPlatforms) = postSolution
		{9BFCB726-E1AD-4D84-93EA-E372418F536B}.Debug|Any CPU.ActiveCfg = Debug|Any CPU
		{9BFCB726-E1AD-4D84-93EA-E372418F536B}.Debug|Any CPU.Build.0 = Debug|Any CPU
		{9BFCB726-E1AD-4D84-93EA-E372418F536B}.Release|Any CPU.ActiveCfg = Release|Any CPU
		{9BFCB726-E1AD-4D84-93EA-E372418F536B}.Release|Any CPU.Build.0 = Release|Any CPU
	EndGlobalSection
EndGlobal
